
Microsoft Visual Studio Solution File, Format Version 12.00
# Visual Studio Version 16
VisualStudioVersion = 16.0.31112.23
MinimumVisualStudioVersion = 10.0.40219.1
Project("{FAE04EC0-301F-11D3-BF4B-00C04F79EFBC}") = "Nesne Odev", "Nesne Odev\Nesne Odev.csproj", "{CF078228-1FF1-4CE7-9C18-6CB179A8F23A}"
EndProject
Global
	GlobalSection(SolutionConfigurationPlatforms) = preSolution
		Debug|Any CPU = Debug|Any CPU
		Release|Any CPU = Release|Any CPU
	EndGlobalSection
	GlobalSection(ProjectConfigurationPlatforms) = postSolution
		{CF078228-1FF1-4CE7-9C18-6CB179A8F23A}.Debug|Any CPU.ActiveCfg = Debug|Any CPU
		{CF078228-1FF1-4CE7-9C18-6CB179A8F23A}.Debug|Any CPU.Build.0 = Debug|Any CPU
		{CF078228-1FF1-4CE7-9C18-6CB179A8F23A}.Release|Any CPU.ActiveCfg = Release|Any CPU
		{CF078228-1FF1-4CE7-9C18-6CB179A8F23A}.Release|Any CPU.Build.0 = Release|Any CPU
	EndGlobalSection
	GlobalSection(SolutionProperties) = preSolution
		HideSolutionNode = FALSE
	EndGlobalSection
	GlobalSection(ExtensibilityGlobals) = postSolution
		SolutionGuid = {D31F9A43-DB0B-495C-AB39-9781BED80402}
	EndGlobalSection
EndGlobal
